
Microsoft Visual Studio Solution File, Format Version 12.00
# Visual Studio Version 17
VisualStudioVersion = 17.13.35931.197 d17.13
MinimumVisualStudioVersion = 10.0.40219.1
Project("{FAE04EC0-301F-11D3-BF4B-00C04F79EFBC}") = "IPcalc", "IPcalc\IPcalc.csproj", "{55C0D546-5234-403F-AB46-E5EDF7DBCFC5}"
EndProject
Global
	GlobalSection(SolutionConfigurationPlatforms) = preSolution
		Debug|Any CPU = Debug|Any CPU
		Release|Any CPU = Release|Any CPU
	EndGlobalSection
	GlobalSection(ProjectConfigurationPlatforms) = postSolution
		{55C0D546-5234-403F-AB46-E5EDF7DBCFC5}.Debug|Any CPU.ActiveCfg = Debug|Any CPU
		{55C0D546-5234-403F-AB46-E5EDF7DBCFC5}.Debug|Any CPU.Build.0 = Debug|Any CPU
		{55C0D546-5234-403F-AB46-E5EDF7DBCFC5}.Release|Any CPU.ActiveCfg = Release|Any CPU
		{55C0D546-5234-403F-AB46-E5EDF7DBCFC5}.Release|Any CPU.Build.0 = Release|Any CPU
	EndGlobalSection
	GlobalSection(SolutionProperties) = preSolution
		HideSolutionNode = FALSE
	EndGlobalSection
	GlobalSection(ExtensibilityGlobals) = postSolution
		SolutionGuid = {ACDBD16E-F082-4287-9866-B8614124806F}
	EndGlobalSection
EndGlobal
